// !$*UTF8*$!
{
	archiveVersion = 1;
	classes = {
	};
	objectVersion = 56;
	objects = {

/* Begin PBXBuildFile section */
		89A294B42AD8309A00E95477 /* YomuApp.swift in Sources */ = {isa = PBXBuildFile; fileRef = 89A294B32AD8309A00E95477 /* YomuApp.swift */; };
		89A294B62AD8309A00E95477 /* ContentView.swift in Sources */ = {isa = PBXBuildFile; fileRef = 89A294B52AD8309A00E95477 /* ContentView.swift */; };
		89A294B82AD8309C00E95477 /* Assets.xcassets in Resources */ = {isa = PBXBuildFile; fileRef = 89A294B72AD8309C00E95477 /* Assets.xcassets */; };
		89A294BB2AD8309C00E95477 /* Preview Assets.xcassets in Resources */ = {isa = PBXBuildFile; fileRef = 89A294BA2AD8309C00E95477 /* Preview Assets.xcassets */; };
		89A294C32AD8323F00E95477 /* HomeView.swift in Sources */ = {isa = PBXBuildFile; fileRef = 89A294C22AD8323F00E95477 /* HomeView.swift */; };
		89A294C52AD8326B00E95477 /* OnboardingView.swift in Sources */ = {isa = PBXBuildFile; fileRef = 89A294C42AD8326B00E95477 /* OnboardingView.swift */; };
		89A294C82AD8328F00E95477 /* chimeup.mp3 in Resources */ = {isa = PBXBuildFile; fileRef = 89A294C62AD8328F00E95477 /* chimeup.mp3 */; };
		89A294C92AD8328F00E95477 /* success.m4a in Resources */ = {isa = PBXBuildFile; fileRef = 89A294C72AD8328F00E95477 /* success.m4a */; };
		89A294CD2AD85C1F00E95477 /* README.md in Resources */ = {isa = PBXBuildFile; fileRef = 89A294CC2AD85C1F00E95477 /* README.md */; };
		89FAB3572AD8755A0072AB1E /* CircleGroupView.swift in Sources */ = {isa = PBXBuildFile; fileRef = 89FAB3562AD875590072AB1E /* CircleGroupView.swift */; };
/* End PBXBuildFile section */

/* Begin PBXFileReference section */
		89A294B02AD8309A00E95477 /* Yomu.app */ = {isa = PBXFileReference; explicitFileType = wrapper.application; includeInIndex = 0; path = Yomu.app; sourceTree = BUILT_PRODUCTS_DIR; };
		89A294B32AD8309A00E95477 /* YomuApp.swift */ = {isa = PBXFileReference; lastKnownFileType = sourcecode.swift; path = YomuApp.swift; sourceTree = "<group>"; };
		89A294B52AD8309A00E95477 /* ContentView.swift */ = {isa = PBXFileReference; lastKnownFileType = sourcecode.swift; path = ContentView.swift; sourceTree = "<group>"; };
		89A294B72AD8309C00E95477 /* Assets.xcassets */ = {isa = PBXFileReference; lastKnownFileType = folder.assetcatalog; path = Assets.xcassets; sourceTree = "<group>"; };
		89A294BA2AD8309C00E95477 /* Preview Assets.xcassets */ = {isa = PBXFileReference; lastKnownFileType = folder.assetcatalog; path = "Preview Assets.xcassets"; sourceTree = "<group>"; };
		89A294C22AD8323F00E95477 /* HomeView.swift */ = {isa = PBXFileReference; lastKnownFileType = sourcecode.swift; path = HomeView.swift; sourceTree = "<group>"; };
		89A294C42AD8326B00E95477 /* OnboardingView.swift */ = {isa = PBXFileReference; lastKnownFileType = sourcecode.swift; path = OnboardingView.swift; sourceTree = "<group>"; };
		89A294C62AD8328F00E95477 /* chimeup.mp3 */ = {isa = PBXFileReference; lastKnownFileType = audio.mp3; path = chimeup.mp3; sourceTree = "<group>"; };
		89A294C72AD8328F00E95477 /* success.m4a */ = {isa = PBXFileReference; lastKnownFileType = file; path = success.m4a; sourceTree = "<group>"; };
		89A294CB2AD8335700E95477 /* Info.plist */ = {isa = PBXFileReference; lastKnownFileType = text.plist; path = Info.plist; sourceTree = "<group>"; };
		89A294CC2AD85C1F00E95477 /* README.md */ = {isa = PBXFileReference; lastKnownFileType = net.daringfireball.markdown; path = README.md; sourceTree = "<group>"; };
		89FAB3562AD875590072AB1E /* CircleGroupView.swift */ = {isa = PBXFileReference; lastKnownFileType = sourcecode.swift; path = CircleGroupView.swift; sourceTree = "<group>"; };
/* End PBXFileReference section */

/* Begin PBXFrameworksBuildPhase section */
		89A294AD2AD8309A00E95477 /* Frameworks */ = {
			isa = PBXFrameworksBuildPhase;
			buildActionMask = 2147483647;
			files = (
			);
			runOnlyForDeploymentPostprocessing = 0;
		};
/* End PBXFrameworksBuildPhase section */

/* Begin PBXGroup section */
		89A294A72AD8309A00E95477 = {
			isa = PBXGroup;
			children = (
				89A294B22AD8309A00E95477 /* Yomu */,
				89A294B12AD8309A00E95477 /* Products */,
			);
			sourceTree = "<group>";
		};
		89A294B12AD8309A00E95477 /* Products */ = {
			isa = PBXGroup;
			children = (
				89A294B02AD8309A00E95477 /* Yomu.app */,
			);
			name = Products;
			sourceTree = "<group>";
		};
		89A294B22AD8309A00E95477 /* Yomu */ = {
			isa = PBXGroup;
			children = (
				89A294CB2AD8335700E95477 /* Info.plist */,
				89A294B32AD8309A00E95477 /* YomuApp.swift */,
				89A294CA2AD832A100E95477 /* Sounds */,
				89A294C12AD8320B00E95477 /* Screens */,
				89A294B72AD8309C00E95477 /* Assets.xcassets */,
				89A294B92AD8309C00E95477 /* Preview Content */,
				89A294CC2AD85C1F00E95477 /* README.md */,
				89FAB3582AD875610072AB1E /* View */,
			);
			path = Yomu;
			sourceTree = "<group>";
		};
		89A294B92AD8309C00E95477 /* Preview Content */ = {
			isa = PBXGroup;
			children = (
				89A294BA2AD8309C00E95477 /* Preview Assets.xcassets */,
			);
			path = "Preview Content";
			sourceTree = "<group>";
		};
		89A294C12AD8320B00E95477 /* Screens */ = {
			isa = PBXGroup;
			children = (
				89A294B52AD8309A00E95477 /* ContentView.swift */,
				89A294C22AD8323F00E95477 /* HomeView.swift */,
				89A294C42AD8326B00E95477 /* OnboardingView.swift */,
			);
			path = Screens;
			sourceTree = "<group>";
		};
		89A294CA2AD832A100E95477 /* Sounds */ = {
			isa = PBXGroup;
			children = (
				89A294C62AD8328F00E95477 /* chimeup.mp3 */,
				89A294C72AD8328F00E95477 /* success.m4a */,
			);
			path = Sounds;
			sourceTree = "<group>";
		};
		89FAB3582AD875610072AB1E /* View */ = {
			isa = PBXGroup;
			children = (
				89FAB3562AD875590072AB1E /* CircleGroupView.swift */,
			);
			path = View;
			sourceTree = "<group>";
		};
/* End PBXGroup section */

/* Begin PBXNativeTarget section */
		89A294AF2AD8309A00E95477 /* Yomu */ = {
			isa = PBXNativeTarget;
			buildConfigurationList = 89A294BE2AD8309C00E95477 /* Build configuration list for PBXNativeTarget "Yomu" */;
			buildPhases = (
				89A294AC2AD8309A00E95477 /* Sources */,
				89A294AD2AD8309A00E95477 /* Frameworks */,
				89A294AE2AD8309A00E95477 /* Resources */,
			);
			buildRules = (
			);
			dependencies = (
			);
			name = Yomu;
			productName = Yomu;
			productReference = 89A294B02AD8309A00E95477 /* Yomu.app */;
			productType = "com.apple.product-type.application";
		};
/* End PBXNativeTarget section */

/* Begin PBXProject section */
		89A294A82AD8309A00E95477 /* Project object */ = {
			isa = PBXProject;
			attributes = {
				BuildIndependentTargetsInParallel = 1;
				LastSwiftUpdateCheck = 1500;
				LastUpgradeCheck = 1500;
				TargetAttributes = {
					89A294AF2AD8309A00E95477 = {
						CreatedOnToolsVersion = 15.0;
					};
				};
			};
			buildConfigurationList = 89A294AB2AD8309A00E95477 /* Build configuration list for PBXProject "Yomu" */;
			compatibilityVersion = "Xcode 14.0";
			developmentRegion = en;
			hasScannedForEncodings = 0;
			knownRegions = (
				en,
				Base,
			);
			mainGroup = 89A294A72AD8309A00E95477;
			productRefGroup = 89A294B12AD8309A00E95477 /* Products */;
			projectDirPath = "";
			projectRoot = "";
			targets = (
				89A294AF2AD8309A00E95477 /* Yomu */,
			);
		};
/* End PBXProject section */

/* Begin PBXResourcesBuildPhase section */
		89A294AE2AD8309A00E95477 /* Resources */ = {
			isa = PBXResourcesBuildPhase;
			buildActionMask = 2147483647;
			files = (
				89A294C92AD8328F00E95477 /* success.m4a in Resources */,
				89A294C82AD8328F00E95477 /* chimeup.mp3 in Resources */,
				89A294CD2AD85C1F00E95477 /* README.md in Resources */,
				89A294BB2AD8309C00E95477 /* Preview Assets.xcassets in Resources */,
				89A294B82AD8309C00E95477 /* Assets.xcassets in Resources */,
			);
			runOnlyForDeploymentPostprocessing = 0;
		};
/* End PBXResourcesBuildPhase section */

/* Begin PBXSourcesBuildPhase section */
		89A294AC2AD8309A00E95477 /* Sources */ = {
			isa = PBXSourcesBuildPhase;
			buildActionMask = 2147483647;
			files = (
				89FAB3572AD8755A0072AB1E /* CircleGroupView.swift in Sources */,
				89A294C32AD8323F00E95477 /* HomeView.swift in Sources */,
				89A294C52AD8326B00E95477 /* OnboardingView.swift in Sources */,
				89A294B62AD8309A00E95477 /* ContentView.swift in Sources */,
				89A294B42AD8309A00E95477 /* YomuApp.swift in Sources */,
			);
			runOnlyForDeploymentPostprocessing = 0;
		};
/* End PBXSourcesBuildPhase section */

/* Begin XCBuildConfiguration section */
		89A294BC2AD8309C00E95477 /* Debug */ = {
			isa = XCBuildConfiguration;
			buildSettings = {
				ALWAYS_SEARCH_USER_PATHS = NO;
				ASSETCATALOG_COMPILER_GENERATE_SWIFT_ASSET_SYMBOL_EXTENSIONS = YES;
				CLANG_ANALYZER_NONNULL = YES;
				CLANG_ANALYZER_NUMBER_OBJECT_CONVERSION = YES_AGGRESSIVE;
				CLANG_CXX_LANGUAGE_STANDARD = "gnu++20";
				CLANG_ENABLE_MODULES = YES;
				CLANG_ENABLE_OBJC_ARC = YES;
				CLANG_ENABLE_OBJC_WEAK = YES;
				CLANG_WARN_BLOCK_CAPTURE_AUTORELEASING = YES;
				CLANG_WARN_BOOL_CONVERSION = YES;
				CLANG_WARN_COMMA = YES;
				CLANG_WARN_CONSTANT_CONVERSION = YES;
				CLANG_WARN_DEPRECATED_OBJC_IMPLEMENTATIONS = YES;
				CLANG_WARN_DIRECT_OBJC_ISA_USAGE = YES_ERROR;
				CLANG_WARN_DOCUMENTATION_COMMENTS = YES;
				CLANG_WARN_EMPTY_BODY = YES;
				CLANG_WARN_ENUM_CONVERSION = YES;
				CLANG_WARN_INFINITE_RECURSION = YES;
				CLANG_WARN_INT_CONVERSION = YES;
				CLANG_WARN_NON_LITERAL_NULL_CONVERSION = YES;
				CLANG_WARN_OBJC_IMPLICIT_RETAIN_SELF = YES;
				CLANG_WARN_OBJC_LITERAL_CONVERSION = YES;
				CLANG_WARN_OBJC_ROOT_CLASS = YES_ERROR;
				CLANG_WARN_QUOTED_INCLUDE_IN_FRAMEWORK_HEADER = YES;
				CLANG_WARN_RANGE_LOOP_ANALYSIS = YES;
				CLANG_WARN_STRICT_PROTOTYPES = YES;
				CLANG_WARN_SUSPICIOUS_MOVE = YES;
				CLANG_WARN_UNGUARDED_AVAILABILITY = YES_AGGRESSIVE;
				CLANG_WARN_UNREACHABLE_CODE = YES;
				CLANG_WARN__DUPLICATE_METHOD_MATCH = YES;
				COPY_PHASE_STRIP = NO;
				DEBUG_INFORMATION_FORMAT = dwarf;
				ENABLE_STRICT_OBJC_MSGSEND = YES;
				ENABLE_TESTABILITY = YES;
				ENABLE_USER_SCRIPT_SANDBOXING = YES;
				GCC_C_LANGUAGE_STANDARD = gnu17;
				GCC_DYNAMIC_NO_PIC = NO;
				GCC_NO_COMMON_BLOCKS = YES;
				GCC_OPTIMIZATION_LEVEL = 0;
				GCC_PREPROCESSOR_DEFINITIONS = (
					"DEBUG=1",
					"$(inherited)",
				);
				GCC_WARN_64_TO_32_BIT_CONVERSION = YES;
				GCC_WARN_ABOUT_RETURN_TYPE = YES_ERROR;
				GCC_WARN_UNDECLARED_SELECTOR = YES;
				GCC_WARN_UNINITIALIZED_AUTOS = YES_AGGRESSIVE;
				GCC_WARN_UNUSED_FUNCTION = YES;
				GCC_WARN_UNUSED_VARIABLE = YES;
				IPHONEOS_DEPLOYMENT_TARGET = 16.4;
				LOCALIZATION_PREFERS_STRING_CATALOGS = YES;
				MTL_ENABLE_DEBUG_INFO = INCLUDE_SOURCE;
				MTL_FAST_MATH = YES;
				ONLY_ACTIVE_ARCH = YES;
				SDKROOT = iphoneos;
				SWIFT_ACTIVE_COMPILATION_CONDITIONS = "DEBUG $(inherited)";
				SWIFT_OPTIMIZATION_LEVEL = "-Onone";
			};
			name = Debug;
		};
		89A294BD2AD8309C00E95477 /* Release */ = {
			isa = XCBuildConfiguration;
			buildSettings = {
				ALWAYS_SEARCH_USER_PATHS = NO;
				ASSETCATALOG_COMPILER_GENERATE_SWIFT_ASSET_SYMBOL_EXTENSIONS = YES;
				CLANG_ANALYZER_NONNULL = YES;
				CLANG_ANALYZER_NUMBER_OBJECT_CONVERSION = YES_AGGRESSIVE;
				CLANG_CXX_LANGUAGE_STANDARD = "gnu++20";
				CLANG_ENABLE_MODULES = YES;
				CLANG_ENABLE_OBJC_ARC = YES;
				CLANG_ENABLE_OBJC_WEAK = YES;
				CLANG_WARN_BLOCK_CAPTURE_AUTORELEASING = YES;
				CLANG_WARN_BOOL_CONVERSION = YES;
				CLANG_WARN_COMMA = YES;
				CLANG_WARN_CONSTANT_CONVERSION = YES;
				CLANG_WARN_DEPRECATED_OBJC_IMPLEMENTATIONS = YES;
				CLANG_WARN_DIRECT_OBJC_ISA_USAGE = YES_ERROR;
				CLANG_WARN_DOCUMENTATION_COMMENTS = YES;
				CLANG_WARN_EMPTY_BODY = YES;
				CLANG_WARN_ENUM_CONVERSION = YES;
				CLANG_WARN_INFINITE_RECURSION = YES;
				CLANG_WARN_INT_CONVERSION = YES;
				CLANG_WARN_NON_LITERAL_NULL_CONVERSION = YES;
				CLANG_WARN_OBJC_IMPLICIT_RETAIN_SELF = YES;
				CLANG_WARN_OBJC_LITERAL_CONVERSION = YES;
				CLANG_WARN_OBJC_ROOT_CLASS = YES_ERROR;
				CLANG_WARN_QUOTED_INCLUDE_IN_FRAMEWORK_HEADER = YES;
				CLANG_WARN_RANGE_LOOP_ANALYSIS = YES;
				CLANG_WARN_STRICT_PROTOTYPES = YES;
				CLANG_WARN_SUSPICIOUS_MOVE = YES;
				CLANG_WARN_UNGUARDED_AVAILABILITY = YES_AGGRESSIVE;
				CLANG_WARN_UNREACHABLE_CODE = YES;
				CLANG_WARN__DUPLICATE_METHOD_MATCH = YES;
				COPY_PHASE_STRIP = NO;
				DEBUG_INFORMATION_FORMAT = "dwarf-with-dsym";
				ENABLE_NS_ASSERTIONS = NO;
				ENABLE_STRICT_OBJC_MSGSEND = YES;
				ENABLE_USER_SCRIPT_SANDBOXING = YES;
				GCC_C_LANGUAGE_STANDARD = gnu17;
				GCC_NO_COMMON_BLOCKS = YES;
				GCC_WARN_64_TO_32_BIT_CONVERSION = YES;
				GCC_WARN_ABOUT_RETURN_TYPE = YES_ERROR;
				GCC_WARN_UNDECLARED_SELECTOR = YES;
				GCC_WARN_UNINITIALIZED_AUTOS = YES_AGGRESSIVE;
				GCC_WARN_UNUSED_FUNCTION = YES;
				GCC_WARN_UNUSED_VARIABLE = YES;
				IPHONEOS_DEPLOYMENT_TARGET = 16.4;
				LOCALIZATION_PREFERS_STRING_CATALOGS = YES;
				MTL_ENABLE_DEBUG_INFO = NO;
				MTL_FAST_MATH = YES;
				SDKROOT = iphoneos;
				SWIFT_COMPILATION_MODE = wholemodule;
				VALIDATE_PRODUCT = YES;
			};
			name = Release;
		};
		89A294BF2AD8309C00E95477 /* Debug */ = {
			isa = XCBuildConfiguration;
			buildSettings = {
				ASSETCATALOG_COMPILER_APPICON_NAME = AppIcon;
				ASSETCATALOG_COMPILER_GLOBAL_ACCENT_COLOR_NAME = AccentColor;
				CODE_SIGN_STYLE = Automatic;
				CURRENT_PROJECT_VERSION = 1;
				DEVELOPMENT_ASSET_PATHS = "\"Yomu/Preview Content\"";
				DEVELOPMENT_TEAM = 39D67N2Q24;
				ENABLE_PREVIEWS = YES;
				GENERATE_INFOPLIST_FILE = YES;
				INFOPLIST_FILE = Yomu/Info.plist;
				INFOPLIST_KEY_UIApplicationSceneManifest_Generation = YES;
				INFOPLIST_KEY_UIApplicationSupportsIndirectInputEvents = YES;
				INFOPLIST_KEY_UIRequiresFullScreen = NO;
				INFOPLIST_KEY_UISupportedInterfaceOrientations = UIInterfaceOrientationPortrait;
				IPHONEOS_DEPLOYMENT_TARGET = 16.4;
				LD_RUNPATH_SEARCH_PATHS = (
					"$(inherited)",
					"@executable_path/Frameworks",
				);
				MARKETING_VERSION = 1.0;
				PRODUCT_BUNDLE_IDENTIFIER = com.noxid.Yomu;
				PRODUCT_NAME = "$(TARGET_NAME)";
				SWIFT_EMIT_LOC_STRINGS = YES;
				SWIFT_VERSION = 5.0;
				TARGETED_DEVICE_FAMILY = "1,2";
			};
			name = Debug;
		};
		89A294C02AD8309C00E95477 /* Release */ = {
			isa = XCBuildConfiguration;
			buildSettings = {
				ASSETCATALOG_COMPILER_APPICON_NAME = AppIcon;
				ASSETCATALOG_COMPILER_GLOBAL_ACCENT_COLOR_NAME = AccentColor;
				CODE_SIGN_STYLE = Automatic;
				CURRENT_PROJECT_VERSION = 1;
				DEVELOPMENT_ASSET_PATHS = "\"Yomu/Preview Content\"";
				DEVELOPMENT_TEAM = 39D67N2Q24;
				ENABLE_PREVIEWS = YES;
				GENERATE_INFOPLIST_FILE = YES;
				INFOPLIST_FILE = Yomu/Info.plist;
				INFOPLIST_KEY_UIApplicationSceneManifest_Generation = YES;
				INFOPLIST_KEY_UIApplicationSupportsIndirectInputEvents = YES;
				INFOPLIST_KEY_UIRequiresFullScreen = NO;
				INFOPLIST_KEY_UISupportedInterfaceOrientations = UIInterfaceOrientationPortrait;
				IPHONEOS_DEPLOYMENT_TARGET = 16.4;
				LD_RUNPATH_SEARCH_PATHS = (
					"$(inherited)",
					"@executable_path/Frameworks",
				);
				MARKETING_VERSION = 1.0;
				PRODUCT_BUNDLE_IDENTIFIER = com.noxid.Yomu;
				PRODUCT_NAME = "$(TARGET_NAME)";
				SWIFT_EMIT_LOC_STRINGS = YES;
				SWIFT_VERSION = 5.0;
				TARGETED_DEVICE_FAMILY = "1,2";
			};
			name = Release;
		};
/* End XCBuildConfiguration section */

/* Begin XCConfigurationList section */
		89A294AB2AD8309A00E95477 /* Build configuration list for PBXProject "Yomu" */ = {
			isa = XCConfigurationList;
			buildConfigurations = (
				89A294BC2AD8309C00E95477 /* Debug */,
				89A294BD2AD8309C00E95477 /* Release */,
			);
			defaultConfigurationIsVisible = 0;
			defaultConfigurationName = Release;
		};
		89A294BE2AD8309C00E95477 /* Build configuration list for PBXNativeTarget "Yomu" */ = {
			isa = XCConfigurationList;
			buildConfigurations = (
				89A294BF2AD8309C00E95477 /* Debug */,
				89A294C02AD8309C00E95477 /* Release */,
			);
			defaultConfigurationIsVisible = 0;
			defaultConfigurationName = Release;
		};
/* End XCConfigurationList section */
	};
	rootObject = 89A294A82AD8309A00E95477 /* Project object */;
}
